{
  "name": "academic-rhwp-runtime",
  "version": "0.0.0",
  "lockfileVersion": 3,
  "requires": true,
  "packages": {
    "": {
      "name": "academic-rhwp-runtime",
      "version": "0.0.0",
      "dependencies": {
        "@rhwp/core": "0.8.4"
      }
    },
    "node_modules/@rhwp/core": {
      "version": "0.8.4",
      "resolved": "https://registry.npmjs.org/@rhwp/core/-/core-0.8.4.tgz",
      "integrity": "sha512-Wr5HwQLzuGHHGfkJTvakRrB+BczyxnrRynwMBxDeoE2AxUU5z9GkqKhK+2Op9IS8Uq0KtA6c89PaCj1OA/QsfA==",
      "license": "MIT",
      "funding": {
        "url": "https://github.com/sponsors/edwardkim"
      }
    }
  }
}
